
Microsoft Visual Studio Solution File, Format Version 12.00
# Visual Studio Version 16
VisualStudioVersion = 16.0.30621.155
MinimumVisualStudioVersion = 10.0.40219.1
Project("{FAE04EC0-301F-11D3-BF4B-00C04F79EFBC}") = "TicTacToe", "TicTacToe\TicTacToe.csproj", "{0714FD2F-2BF9-40D5-B9BD-56B61FE55064}"
EndProject
Global
	GlobalSection(SolutionConfigurationPlatforms) = preSolution
		Debug|Any CPU = Debug|Any CPU
		Release|Any CPU = Release|Any CPU
	EndGlobalSection
	GlobalSection(ProjectConfigurationPlatforms) = postSolution
		{0714FD2F-2BF9-40D5-B9BD-56B61FE55064}.Debug|Any CPU.ActiveCfg = Debug|Any CPU
		{0714FD2F-2BF9-40D5-B9BD-56B61FE55064}.Debug|Any CPU.Build.0 = Debug|Any CPU
		{0714FD2F-2BF9-40D5-B9BD-56B61FE55064}.Release|Any CPU.ActiveCfg = Release|Any CPU
		{0714FD2F-2BF9-40D5-B9BD-56B61FE55064}.Release|Any CPU.Build.0 = Release|Any CPU
	EndGlobalSection
	GlobalSection(SolutionProperties) = preSolution
		HideSolutionNode = FALSE
	EndGlobalSection
	GlobalSection(ExtensibilityGlobals) = postSolution
		SolutionGuid = {21C5F4B6-D648-4B40-814C-C22807D3EB4C}
	EndGlobalSection
EndGlobal
